
Microsoft Visual Studio Solution File, Format Version 12.00
# Visual Studio Version 16
VisualStudioVersion = 16.0.29613.14
MinimumVisualStudioVersion = 10.0.40219.1
Project("{FAE04EC0-301F-11D3-BF4B-00C04F79EFBC}") = "KonsolenKampfspiel", "KonsolenKampfspiel.csproj", "{0D727406-9D39-4916-84E0-4C66451626A2}"
EndProject
Global
	GlobalSection(SolutionConfigurationPlatforms) = preSolution
		Debug|Any CPU = Debug|Any CPU
		Release|Any CPU = Release|Any CPU
	EndGlobalSection
	GlobalSection(ProjectConfigurationPlatforms) = postSolution
		{0D727406-9D39-4916-84E0-4C66451626A2}.Debug|Any CPU.ActiveCfg = Debug|Any CPU
		{0D727406-9D39-4916-84E0-4C66451626A2}.Debug|Any CPU.Build.0 = Debug|Any CPU
		{0D727406-9D39-4916-84E0-4C66451626A2}.Release|Any CPU.ActiveCfg = Release|Any CPU
		{0D727406-9D39-4916-84E0-4C66451626A2}.Release|Any CPU.Build.0 = Release|Any CPU
	EndGlobalSection
	GlobalSection(SolutionProperties) = preSolution
		HideSolutionNode = FALSE
	EndGlobalSection
	GlobalSection(ExtensibilityGlobals) = postSolution
		SolutionGuid = {1F1D59A7-1CA9-41B1-9BCB-16BC6B4944B7}
	EndGlobalSection
EndGlobal
